
Microsoft Visual Studio Solution File, Format Version 12.00
# Visual Studio Version 17
VisualStudioVersion = 17.5.33414.496
MinimumVisualStudioVersion = 10.0.40219.1
Project("{FAE04EC0-301F-11D3-BF4B-00C04F79EFBC}") = "FirstTryCalculator", "FirstTryCalculator\FirstTryCalculator.csproj", "{C568EF92-2E9F-4429-B1E2-27D14E5B39B5}"
EndProject
Global
	GlobalSection(SolutionConfigurationPlatforms) = preSolution
		Debug|Any CPU = Debug|Any CPU
		Release|Any CPU = Release|Any CPU
	EndGlobalSection
	GlobalSection(ProjectConfigurationPlatforms) = postSolution
		{C568EF92-2E9F-4429-B1E2-27D14E5B39B5}.Debug|Any CPU.ActiveCfg = Debug|Any CPU
		{C568EF92-2E9F-4429-B1E2-27D14E5B39B5}.Debug|Any CPU.Build.0 = Debug|Any CPU
		{C568EF92-2E9F-4429-B1E2-27D14E5B39B5}.Release|Any CPU.ActiveCfg = Release|Any CPU
		{C568EF92-2E9F-4429-B1E2-27D14E5B39B5}.Release|Any CPU.Build.0 = Release|Any CPU
	EndGlobalSection
	GlobalSection(SolutionProperties) = preSolution
		HideSolutionNode = FALSE
	EndGlobalSection
	GlobalSection(ExtensibilityGlobals) = postSolution
		SolutionGuid = {53EDAB0A-8FA2-448D-88F6-75079ED97AEF}
	EndGlobalSection
EndGlobal
